
Microsoft Visual Studio Solution File, Format Version 12.00
# Visual Studio Version 16
VisualStudioVersion = 16.0.29123.88
MinimumVisualStudioVersion = 10.0.40219.1
Project("{FAE04EC0-301F-11D3-BF4B-00C04F79EFBC}") = "Flappy Birds Game", "Flappy Birds Game\Flappy Birds Game.csproj", "{8ABFB00E-68CC-4B28-8689-B1A896CA0471}"
EndProject
Global
	GlobalSection(SolutionConfigurationPlatforms) = preSolution
		Debug|Any CPU = Debug|Any CPU
		Release|Any CPU = Release|Any CPU
	EndGlobalSection
	GlobalSection(ProjectConfigurationPlatforms) = postSolution
		{8ABFB00E-68CC-4B28-8689-B1A896CA0471}.Debug|Any CPU.ActiveCfg = Debug|Any CPU
		{8ABFB00E-68CC-4B28-8689-B1A896CA0471}.Debug|Any CPU.Build.0 = Debug|Any CPU
		{8ABFB00E-68CC-4B28-8689-B1A896CA0471}.Release|Any CPU.ActiveCfg = Release|Any CPU
		{8ABFB00E-68CC-4B28-8689-B1A896CA0471}.Release|Any CPU.Build.0 = Release|Any CPU
	EndGlobalSection
	GlobalSection(SolutionProperties) = preSolution
		HideSolutionNode = FALSE
	EndGlobalSection
	GlobalSection(ExtensibilityGlobals) = postSolution
		SolutionGuid = {C3639D73-E20A-43B3-9A24-A4F8FF9D6861}
	EndGlobalSection
EndGlobal
